
Microsoft Visual Studio Solution File, Format Version 12.00
# Visual Studio Version 17
VisualStudioVersion = 17.13.35913.81 d17.13
MinimumVisualStudioVersion = 10.0.40219.1
Project("{FAE04EC0-301F-11D3-BF4B-00C04F79EFBC}") = "SortingCollections", "SortingCollections\SortingCollections.csproj", "{CEFA65E6-AD38-4880-8AD7-1828C06BF9F9}"
EndProject
Global
	GlobalSection(SolutionConfigurationPlatforms) = preSolution
		Debug|Any CPU = Debug|Any CPU
		Release|Any CPU = Release|Any CPU
	EndGlobalSection
	GlobalSection(ProjectConfigurationPlatforms) = postSolution
		{CEFA65E6-AD38-4880-8AD7-1828C06BF9F9}.Debug|Any CPU.ActiveCfg = Debug|Any CPU
		{CEFA65E6-AD38-4880-8AD7-1828C06BF9F9}.Debug|Any CPU.Build.0 = Debug|Any CPU
		{CEFA65E6-AD38-4880-8AD7-1828C06BF9F9}.Release|Any CPU.ActiveCfg = Release|Any CPU
		{CEFA65E6-AD38-4880-8AD7-1828C06BF9F9}.Release|Any CPU.Build.0 = Release|Any CPU
	EndGlobalSection
	GlobalSection(SolutionProperties) = preSolution
		HideSolutionNode = FALSE
	EndGlobalSection
	GlobalSection(ExtensibilityGlobals) = postSolution
		SolutionGuid = {4C3C73E2-70B8-4954-8E4F-C69711FBD5F1}
	EndGlobalSection
EndGlobal
